
Microsoft Visual Studio Solution File, Format Version 12.00
# Visual Studio Version 17
VisualStudioVersion = 17.13.35919.96 d17.13
MinimumVisualStudioVersion = 10.0.40219.1
Project("{FAE04EC0-301F-11D3-BF4B-00C04F79EFBC}") = "Exercise 2", "Exercise 2\Exercise 2.csproj", "{42BCBAC9-F1C0-4B5F-8016-FD779D527DCA}"
EndProject
Project("{FAE04EC0-301F-11D3-BF4B-00C04F79EFBC}") = "Menus", "Menu\Menus.csproj", "{EEB55D90-EFEC-49C0-8368-CF57BF15521E}"
EndProject
Global
	GlobalSection(SolutionConfigurationPlatforms) = preSolution
		Debug|Any CPU = Debug|Any CPU
		Release|Any CPU = Release|Any CPU
	EndGlobalSection
	GlobalSection(ProjectConfigurationPlatforms) = postSolution
		{42BCBAC9-F1C0-4B5F-8016-FD779D527DCA}.Debug|Any CPU.ActiveCfg = Debug|Any CPU
		{42BCBAC9-F1C0-4B5F-8016-FD779D527DCA}.Debug|Any CPU.Build.0 = Debug|Any CPU
		{42BCBAC9-F1C0-4B5F-8016-FD779D527DCA}.Release|Any CPU.ActiveCfg = Release|Any CPU
		{42BCBAC9-F1C0-4B5F-8016-FD779D527DCA}.Release|Any CPU.Build.0 = Release|Any CPU
		{EEB55D90-EFEC-49C0-8368-CF57BF15521E}.Debug|Any CPU.ActiveCfg = Debug|Any CPU
		{EEB55D90-EFEC-49C0-8368-CF57BF15521E}.Debug|Any CPU.Build.0 = Debug|Any CPU
		{EEB55D90-EFEC-49C0-8368-CF57BF15521E}.Release|Any CPU.ActiveCfg = Release|Any CPU
		{EEB55D90-EFEC-49C0-8368-CF57BF15521E}.Release|Any CPU.Build.0 = Release|Any CPU
	EndGlobalSection
	GlobalSection(SolutionProperties) = preSolution
		HideSolutionNode = FALSE
	EndGlobalSection
	GlobalSection(ExtensibilityGlobals) = postSolution
		SolutionGuid = {91759663-DECF-430F-92B4-695EC760A074}
	EndGlobalSection
EndGlobal
